// !$*UTF8*$!
{
	archiveVersion = 1;
	classes = {
	};
	objectVersion = 46;
	objects = {

/* Begin PBXBuildFile section */
		4C9B353E1E8132B7005A02B6 /* main.m in Sources */ = {isa = PBXBuildFile; fileRef = 4C9B353D1E8132B7005A02B6 /* main.m */; };
		4C9B35411E8132B7005A02B6 /* AppDelegate.m in Sources */ = {isa = PBXBuildFile; fileRef = 4C9B35401E8132B7005A02B6 /* AppDelegate.m */; };
		4C9B35441E8132B7005A02B6 /* ViewController.m in Sources */ = {isa = PBXBuildFile; fileRef = 4C9B35431E8132B7005A02B6 /* ViewController.m */; };
		4C9B35471E8132B7005A02B6 /* Main.storyboard in Resources */ = {isa = PBXBuildFile; fileRef = 4C9B35451E8132B7005A02B6 /* Main.storyboard */; };
		4C9B35491E8132B7005A02B6 /* Assets.xcassets in Resources */ = {isa = PBXBuildFile; fileRef = 4C9B35481E8132B7005A02B6 /* Assets.xcassets */; };
		4C9B354C1E8132B7005A02B6 /* LaunchScreen.storyboard in Resources */ = {isa = PBXBuildFile; fileRef = 4C9B354A1E8132B7005A02B6 /* LaunchScreen.storyboard */; };
		4C9B35571E8132B7005A02B6 /* QRCodeReaderTests.m in Sources */ = {isa = PBXBuildFile; fileRef = 4C9B35561E8132B7005A02B6 /* QRCodeReaderTests.m */; };
		4C9B35621E8132B7005A02B6 /* QRCodeReaderUITests.m in Sources */ = {isa = PBXBuildFile; fileRef = 4C9B35611E8132B7005A02B6 /* QRCodeReaderUITests.m */; };
		4C9B35711E813A2C005A02B6 /* CoreGraphics.framework in Frameworks */ = {isa = PBXBuildFile; fileRef = 4C9B35701E813A2C005A02B6 /* CoreGraphics.framework */; };
		4CDA2C011E82465D0070AA78 /* AVFoundation.framework in Frameworks */ = {isa = PBXBuildFile; fileRef = 4CDA2C001E82465D0070AA78 /* AVFoundation.framework */; };
		4CDA2C031E8246650070AA78 /* AVKit.framework in Frameworks */ = {isa = PBXBuildFile; fileRef = 4CDA2C021E8246650070AA78 /* AVKit.framework */; };
/* End PBXBuildFile section */

/* Begin PBXContainerItemProxy section */
		4C9B35531E8132B7005A02B6 /* PBXContainerItemProxy */ = {
			isa = PBXContainerItemProxy;
			containerPortal = 4C9B35311E8132B7005A02B6 /* Project object */;
			proxyType = 1;
			remoteGlobalIDString = 4C9B35381E8132B7005A02B6;
			remoteInfo = QRCodeReader;
		};
		4C9B355E1E8132B7005A02B6 /* PBXContainerItemProxy */ = {
			isa = PBXContainerItemProxy;
			containerPortal = 4C9B35311E8132B7005A02B6 /* Project object */;
			proxyType = 1;
			remoteGlobalIDString = 4C9B35381E8132B7005A02B6;
			remoteInfo = QRCodeReader;
		};
/* End PBXContainerItemProxy section */

/* Begin PBXFileReference section */
		4C9B35391E8132B7005A02B6 /* QRCodeReader.app */ = {isa = PBXFileReference; explicitFileType = wrapper.application; includeInIndex = 0; path = QRCodeReader.app; sourceTree = BUILT_PRODUCTS_DIR; };
		4C9B353D1E8132B7005A02B6 /* main.m */ = {isa = PBXFileReference; lastKnownFileType = sourcecode.c.objc; path = main.m; sourceTree = "<group>"; };
		4C9B353F1E8132B7005A02B6 /* AppDelegate.h */ = {isa = PBXFileReference; lastKnownFileType = sourcecode.c.h; path = AppDelegate.h; sourceTree = "<group>"; };
		4C9B35401E8132B7005A02B6 /* AppDelegate.m */ = {isa = PBXFileReference; lastKnownFileType = sourcecode.c.objc; path = AppDelegate.m; sourceTree = "<group>"; };
		4C9B35421E8132B7005A02B6 /* ViewController.h */ = {isa = PBXFileReference; lastKnownFileType = sourcecode.c.h; path = ViewController.h; sourceTree = "<group>"; };
		4C9B35431E8132B7005A02B6 /* ViewController.m */ = {isa = PBXFileReference; lastKnownFileType = sourcecode.c.objc; path = ViewController.m; sourceTree = "<group>"; };
		4C9B35461E8132B7005A02B6 /* Base */ = {isa = PBXFileReference; lastKnownFileType = file.storyboard; name = Base; path = Base.lproj/Main.storyboard; sourceTree = "<group>"; };
		4C9B35481E8132B7005A02B6 /* Assets.xcassets */ = {isa = PBXFileReference; lastKnownFileType = folder.assetcatalog; path = Assets.xcassets; sourceTree = "<group>"; };
		4C9B354B1E8132B7005A02B6 /* Base */ = {isa = PBXFileReference; lastKnownFileType = file.storyboard; name = Base; path = Base.lproj/LaunchScreen.storyboard; sourceTree = "<group>"; };
		4C9B354D1E8132B7005A02B6 /* Info.plist */ = {isa = PBXFileReference; lastKnownFileType = text.plist.xml; path = Info.plist; sourceTree = "<group>"; };
		4C9B35521E8132B7005A02B6 /* QRCodeReaderTests.xctest */ = {isa = PBXFileReference; explicitFileType = wrapper.cfbundle; includeInIndex = 0; path = QRCodeReaderTests.xctest; sourceTree = BUILT_PRODUCTS_DIR; };
		4C9B35561E8132B7005A02B6 /* QRCodeReaderTests.m */ = {isa = PBXFileReference; lastKnownFileType = sourcecode.c.objc; path = QRCodeReaderTests.m; sourceTree = "<group>"; };
		4C9B35581E8132B7005A02B6 /* Info.plist */ = {isa = PBXFileReference; lastKnownFileType = text.plist.xml; path = Info.plist; sourceTree = "<group>"; };
		4C9B355D1E8132B7005A02B6 /* QRCodeReaderUITests.xctest */ = {isa = PBXFileReference; explicitFileType = wrapper.cfbundle; includeInIndex = 0; path = QRCodeReaderUITests.xctest; sourceTree = BUILT_PRODUCTS_DIR; };
		4C9B35611E8132B7005A02B6 /* QRCodeReaderUITests.m */ = {isa = PBXFileReference; lastKnownFileType = sourcecode.c.objc; path = QRCodeReaderUITests.m; sourceTree = "<group>"; };
		4C9B35631E8132B7005A02B6 /* Info.plist */ = {isa = PBXFileReference; lastKnownFileType = text.plist.xml; path = Info.plist; sourceTree = "<group>"; };
		4C9B35701E813A2C005A02B6 /* CoreGraphics.framework */ = {isa = PBXFileReference; lastKnownFileType = wrapper.framework; name = CoreGraphics.framework; path = System/Library/Frameworks/CoreGraphics.framework; sourceTree = SDKROOT; };
		4CDA2C001E82465D0070AA78 /* AVFoundation.framework */ = {isa = PBXFileReference; lastKnownFileType = wrapper.framework; name = AVFoundation.framework; path = System/Library/Frameworks/AVFoundation.framework; sourceTree = SDKROOT; };
		4CDA2C021E8246650070AA78 /* AVKit.framework */ = {isa = PBXFileReference; lastKnownFileType = wrapper.framework; name = AVKit.framework; path = System/Library/Frameworks/AVKit.framework; sourceTree = SDKROOT; };
/* End PBXFileReference section */

/* Begin PBXFrameworksBuildPhase section */
		4C9B35361E8132B7005A02B6 /* Frameworks */ = {
			isa = PBXFrameworksBuildPhase;
			buildActionMask = 2147483647;
			files = (
				4CDA2C031E8246650070AA78 /* AVKit.framework in Frameworks */,
				4CDA2C011E82465D0070AA78 /* AVFoundation.framework in Frameworks */,
				4C9B35711E813A2C005A02B6 /* CoreGraphics.framework in Frameworks */,
			);
			runOnlyForDeploymentPostprocessing = 0;
		};
		4C9B354F1E8132B7005A02B6 /* Frameworks */ = {
			isa = PBXFrameworksBuildPhase;
			buildActionMask = 2147483647;
			files = (
			);
			runOnlyForDeploymentPostprocessing = 0;
		};
		4C9B355A1E8132B7005A02B6 /* Frameworks */ = {
			isa = PBXFrameworksBuildPhase;
			buildActionMask = 2147483647;
			files = (
			);
			runOnlyForDeploymentPostprocessing = 0;
		};
/* End PBXFrameworksBuildPhase section */

/* Begin PBXGroup section */
		4C9B35301E8132B7005A02B6 = {
			isa = PBXGroup;
			children = (
				4C9B353B1E8132B7005A02B6 /* QRCodeReader */,
				4C9B35551E8132B7005A02B6 /* QRCodeReaderTests */,
				4C9B35601E8132B7005A02B6 /* QRCodeReaderUITests */,
				4C9B353A1E8132B7005A02B6 /* Products */,
				4C9B356F1E813A2B005A02B6 /* Frameworks */,
			);
			sourceTree = "<group>";
		};
		4C9B353A1E8132B7005A02B6 /* Products */ = {
			isa = PBXGroup;
			children = (
				4C9B35391E8132B7005A02B6 /* QRCodeReader.app */,
				4C9B35521E8132B7005A02B6 /* QRCodeReaderTests.xctest */,
				4C9B355D1E8132B7005A02B6 /* QRCodeReaderUITests.xctest */,
			);
			name = Products;
			sourceTree = "<group>";
		};
		4C9B353B1E8132B7005A02B6 /* QRCodeReader */ = {
			isa = PBXGroup;
			children = (
				4C9B353F1E8132B7005A02B6 /* AppDelegate.h */,
				4C9B35401E8132B7005A02B6 /* AppDelegate.m */,
				4C9B35421E8132B7005A02B6 /* ViewController.h */,
				4C9B35431E8132B7005A02B6 /* ViewController.m */,
				4C9B35481E8132B7005A02B6 /* Assets.xcassets */,
				4C9B35451E8132B7005A02B6 /* Main.storyboard */,
				4C9B354A1E8132B7005A02B6 /* LaunchScreen.storyboard */,
				4C9B354D1E8132B7005A02B6 /* Info.plist */,
				4C9B353C1E8132B7005A02B6 /* Supporting Files */,
			);
			path = QRCodeReader;
			sourceTree = "<group>";
		};
		4C9B353C1E8132B7005A02B6 /* Supporting Files */ = {
			isa = PBXGroup;
			children = (
				4C9B353D1E8132B7005A02B6 /* main.m */,
			);
			name = "Supporting Files";
			sourceTree = "<group>";
		};
		4C9B35551E8132B7005A02B6 /* QRCodeReaderTests */ = {
			isa = PBXGroup;
			children = (
				4C9B35561E8132B7005A02B6 /* QRCodeReaderTests.m */,
				4C9B35581E8132B7005A02B6 /* Info.plist */,
			);
			path = QRCodeReaderTests;
			sourceTree = "<group>";
		};
		4C9B35601E8132B7005A02B6 /* QRCodeReaderUITests */ = {
			isa = PBXGroup;
			children = (
				4C9B35611E8132B7005A02B6 /* QRCodeReaderUITests.m */,
				4C9B35631E8132B7005A02B6 /* Info.plist */,
			);
			path = QRCodeReaderUITests;
			sourceTree = "<group>";
		};
		4C9B356F1E813A2B005A02B6 /* Frameworks */ = {
			isa = PBXGroup;
			children = (
				4CDA2C021E8246650070AA78 /* AVKit.framework */,
				4CDA2C001E82465D0070AA78 /* AVFoundation.framework */,
				4C9B35701E813A2C005A02B6 /* CoreGraphics.framework */,
			);
			name = Frameworks;
			sourceTree = "<group>";
		};
/* End PBXGroup section */

/* Begin PBXNativeTarget section */
		4C9B35381E8132B7005A02B6 /* QRCodeReader */ = {
			isa = PBXNativeTarget;
			buildConfigurationList = 4C9B35661E8132B7005A02B6 /* Build configuration list for PBXNativeTarget "QRCodeReader" */;
			buildPhases = (
				4C9B35351E8132B7005A02B6 /* Sources */,
				4C9B35361E8132B7005A02B6 /* Frameworks */,
				4C9B35371E8132B7005A02B6 /* Resources */,
			);
			buildRules = (
			);
			dependencies = (
			);
			name = QRCodeReader;
			productName = QRCodeReader;
			productReference = 4C9B35391E8132B7005A02B6 /* QRCodeReader.app */;
			productType = "com.apple.product-type.application";
		};
		4C9B35511E8132B7005A02B6 /* QRCodeReaderTests */ = {
			isa = PBXNativeTarget;
			buildConfigurationList = 4C9B35691E8132B7005A02B6 /* Build configuration list for PBXNativeTarget "QRCodeReaderTests" */;
			buildPhases = (
				4C9B354E1E8132B7005A02B6 /* Sources */,
				4C9B354F1E8132B7005A02B6 /* Frameworks */,
				4C9B35501E8132B7005A02B6 /* Resources */,
			);
			buildRules = (
			);
			dependencies = (
				4C9B35541E8132B7005A02B6 /* PBXTargetDependency */,
			);
			name = QRCodeReaderTests;
			productName = QRCodeReaderTests;
			productReference = 4C9B35521E8132B7005A02B6 /* QRCodeReaderTests.xctest */;
			productType = "com.apple.product-type.bundle.unit-test";
		};
		4C9B355C1E8132B7005A02B6 /* QRCodeReaderUITests */ = {
			isa = PBXNativeTarget;
			buildConfigurationList = 4C9B356C1E8132B7005A02B6 /* Build configuration list for PBXNativeTarget "QRCodeReaderUITests" */;
			buildPhases = (
				4C9B35591E8132B7005A02B6 /* Sources */,
				4C9B355A1E8132B7005A02B6 /* Frameworks */,
				4C9B355B1E8132B7005A02B6 /* Resources */,
			);
			buildRules = (
			);
			dependencies = (
				4C9B355F1E8132B7005A02B6 /* PBXTargetDependency */,
			);
			name = QRCodeReaderUITests;
			productName = QRCodeReaderUITests;
			productReference = 4C9B355D1E8132B7005A02B6 /* QRCodeReaderUITests.xctest */;
			productType = "com.apple.product-type.bundle.ui-testing";
		};
/* End PBXNativeTarget section */

/* Begin PBXProject section */
		4C9B35311E8132B7005A02B6 /* Project object */ = {
			isa = PBXProject;
			attributes = {
				LastUpgradeCheck = 0820;
				ORGANIZATIONNAME = "Hemant Saini";
				TargetAttributes = {
					4C9B35381E8132B7005A02B6 = {
						CreatedOnToolsVersion = 8.2.1;
						DevelopmentTeam = C2F8LV747S;
						ProvisioningStyle = Automatic;
					};
					4C9B35511E8132B7005A02B6 = {
						CreatedOnToolsVersion = 8.2.1;
						ProvisioningStyle = Automatic;
						TestTargetID = 4C9B35381E8132B7005A02B6;
					};
					4C9B355C1E8132B7005A02B6 = {
						CreatedOnToolsVersion = 8.2.1;
						ProvisioningStyle = Automatic;
						TestTargetID = 4C9B35381E8132B7005A02B6;
					};
				};
			};
			buildConfigurationList = 4C9B35341E8132B7005A02B6 /* Build configuration list for PBXProject "QRCodeReader" */;
			compatibilityVersion = "Xcode 3.2";
			developmentRegion = English;
			hasScannedForEncodings = 0;
			knownRegions = (
				en,
				Base,
			);
			mainGroup = 4C9B35301E8132B7005A02B6;
			productRefGroup = 4C9B353A1E8132B7005A02B6 /* Products */;
			projectDirPath = "";
			projectRoot = "";
			targets = (
				4C9B35381E8132B7005A02B6 /* QRCodeReader */,
				4C9B35511E8132B7005A02B6 /* QRCodeReaderTests */,
				4C9B355C1E8132B7005A02B6 /* QRCodeReaderUITests */,
			);
		};
/* End PBXProject section */

/* Begin PBXResourcesBuildPhase section */
		4C9B35371E8132B7005A02B6 /* Resources */ = {
			isa = PBXResourcesBuildPhase;
			buildActionMask = 2147483647;
			files = (
				4C9B354C1E8132B7005A02B6 /* LaunchScreen.storyboard in Resources */,
				4C9B35491E8132B7005A02B6 /* Assets.xcassets in Resources */,
				4C9B35471E8132B7005A02B6 /* Main.storyboard in Resources */,
			);
			runOnlyForDeploymentPostprocessing = 0;
		};
		4C9B35501E8132B7005A02B6 /* Resources */ = {
			isa = PBXResourcesBuildPhase;
			buildActionMask = 2147483647;
			files = (
			);
			runOnlyForDeploymentPostprocessing = 0;
		};
		4C9B355B1E8132B7005A02B6 /* Resources */ = {
			isa = PBXResourcesBuildPhase;
			buildActionMask = 2147483647;
			files = (
			);
			runOnlyForDeploymentPostprocessing = 0;
		};
/* End PBXResourcesBuildPhase section */

/* Begin PBXSourcesBuildPhase section */
		4C9B35351E8132B7005A02B6 /* Sources */ = {
			isa = PBXSourcesBuildPhase;
			buildActionMask = 2147483647;
			files = (
				4C9B35441E8132B7005A02B6 /* ViewController.m in Sources */,
				4C9B35411E8132B7005A02B6 /* AppDelegate.m in Sources */,
				4C9B353E1E8132B7005A02B6 /* main.m in Sources */,
			);
			runOnlyForDeploymentPostprocessing = 0;
		};
		4C9B354E1E8132B7005A02B6 /* Sources */ = {
			isa = PBXSourcesBuildPhase;
			buildActionMask = 2147483647;
			files = (
				4C9B35571E8132B7005A02B6 /* QRCodeReaderTests.m in Sources */,
			);
			runOnlyForDeploymentPostprocessing = 0;
		};
		4C9B35591E8132B7005A02B6 /* Sources */ = {
			isa = PBXSourcesBuildPhase;
			buildActionMask = 2147483647;
			files = (
				4C9B35621E8132B7005A02B6 /* QRCodeReaderUITests.m in Sources */,
			);
			runOnlyForDeploymentPostprocessing = 0;
		};
/* End PBXSourcesBuildPhase section */

/* Begin PBXTargetDependency section */
		4C9B35541E8132B7005A02B6 /* PBXTargetDependency */ = {
			isa = PBXTargetDependency;
			target = 4C9B35381E8132B7005A02B6 /* QRCodeReader */;
			targetProxy = 4C9B35531E8132B7005A02B6 /* PBXContainerItemProxy */;
		};
		4C9B355F1E8132B7005A02B6 /* PBXTargetDependency */ = {
			isa = PBXTargetDependency;
			target = 4C9B35381E8132B7005A02B6 /* QRCodeReader */;
			targetProxy = 4C9B355E1E8132B7005A02B6 /* PBXContainerItemProxy */;
		};
/* End PBXTargetDependency section */

/* Begin PBXVariantGroup section */
		4C9B35451E8132B7005A02B6 /* Main.storyboard */ = {
			isa = PBXVariantGroup;
			children = (
				4C9B35461E8132B7005A02B6 /* Base */,
			);
			name = Main.storyboard;
			sourceTree = "<group>";
		};
		4C9B354A1E8132B7005A02B6 /* LaunchScreen.storyboard */ = {
			isa = PBXVariantGroup;
			children = (
				4C9B354B1E8132B7005A02B6 /* Base */,
			);
			name = LaunchScreen.storyboard;
			sourceTree = "<group>";
		};
/* End PBXVariantGroup section */

/* Begin XCBuildConfiguration section */
		4C9B35641E8132B7005A02B6 /* Debug */ = {
			isa = XCBuildConfiguration;
			buildSettings = {
				ALWAYS_SEARCH_USER_PATHS = NO;
				CLANG_ANALYZER_NONNULL = YES;
				CLANG_CXX_LANGUAGE_STANDARD = "gnu++0x";
				CLANG_CXX_LIBRARY = "libc++";
				CLANG_ENABLE_MODULES = YES;
				CLANG_ENABLE_OBJC_ARC = YES;
				CLANG_WARN_BOOL_CONVERSION = YES;
				CLANG_WARN_CONSTANT_CONVERSION = YES;
				CLANG_WARN_DIRECT_OBJC_ISA_USAGE = YES_ERROR;
				CLANG_WARN_DOCUMENTATION_COMMENTS = YES;
				CLANG_WARN_EMPTY_BODY = YES;
				CLANG_WARN_ENUM_CONVERSION = YES;
				CLANG_WARN_INFINITE_RECURSION = YES;
				CLANG_WARN_INT_CONVERSION = YES;
				CLANG_WARN_OBJC_ROOT_CLASS = YES_ERROR;
				CLANG_WARN_SUSPICIOUS_MOVE = YES;
				CLANG_WARN_UNREACHABLE_CODE = YES;
				CLANG_WARN__DUPLICATE_METHOD_MATCH = YES;
				"CODE_SIGN_IDENTITY[sdk=iphoneos*]" = "iPhone Developer";
				COPY_PHASE_STRIP = NO;
				DEBUG_INFORMATION_FORMAT = dwarf;
				ENABLE_STRICT_OBJC_MSGSEND = YES;
				ENABLE_TESTABILITY = YES;
				GCC_C_LANGUAGE_STANDARD = gnu99;
				GCC_DYNAMIC_NO_PIC = NO;
				GCC_NO_COMMON_BLOCKS = YES;
				GCC_OPTIMIZATION_LEVEL = 0;
				GCC_PREPROCESSOR_DEFINITIONS = (
					"DEBUG=1",
					"$(inherited)",
				);
				GCC_WARN_64_TO_32_BIT_CONVERSION = YES;
				GCC_WARN_ABOUT_RETURN_TYPE = YES_ERROR;
				GCC_WARN_UNDECLARED_SELECTOR = YES;
				GCC_WARN_UNINITIALIZED_AUTOS = YES_AGGRESSIVE;
				GCC_WARN_UNUSED_FUNCTION = YES;
				GCC_WARN_UNUSED_VARIABLE = YES;
				IPHONEOS_DEPLOYMENT_TARGET = 10.2;
				MTL_ENABLE_DEBUG_INFO = YES;
				ONLY_ACTIVE_ARCH = YES;
				SDKROOT = iphoneos;
				TARGETED_DEVICE_FAMILY = "1,2";
			};
			name = Debug;
		};
		4C9B35651E8132B7005A02B6 /* Release */ = {
			isa = XCBuildConfiguration;
			buildSettings = {
				ALWAYS_SEARCH_USER_PATHS = NO;
				CLANG_ANALYZER_NONNULL = YES;
				CLANG_CXX_LANGUAGE_STANDARD = "gnu++0x";
				CLANG_CXX_LIBRARY = "libc++";
				CLANG_ENABLE_MODULES = YES;
				CLANG_ENABLE_OBJC_ARC = YES;
				CLANG_WARN_BOOL_CONVERSION = YES;
				CLANG_WARN_CONSTANT_CONVERSION = YES;
				CLANG_WARN_DIRECT_OBJC_ISA_USAGE = YES_ERROR;
				CLANG_WARN_DOCUMENTATION_COMMENTS = YES;
				CLANG_WARN_EMPTY_BODY = YES;
				CLANG_WARN_ENUM_CONVERSION = YES;
				CLANG_WARN_INFINITE_RECURSION = YES;
				CLANG_WARN_INT_CONVERSION = YES;
				CLANG_WARN_OBJC_ROOT_CLASS = YES_ERROR;
				CLANG_WARN_SUSPICIOUS_MOVE = YES;
				CLANG_WARN_UNREACHABLE_CODE = YES;
				CLANG_WARN__DUPLICATE_METHOD_MATCH = YES;
				"CODE_SIGN_IDENTITY[sdk=iphoneos*]" = "iPhone Developer";
				COPY_PHASE_STRIP = NO;
				DEBUG_INFORMATION_FORMAT = "dwarf-with-dsym";
				ENABLE_NS_ASSERTIONS = NO;
				ENABLE_STRICT_OBJC_MSGSEND = YES;
				GCC_C_LANGUAGE_STANDARD = gnu99;
				GCC_NO_COMMON_BLOCKS = YES;
				GCC_WARN_64_TO_32_BIT_CONVERSION = YES;
				GCC_WARN_ABOUT_RETURN_TYPE = YES_ERROR;
				GCC_WARN_UNDECLARED_SELECTOR = YES;
				GCC_WARN_UNINITIALIZED_AUTOS = YES_AGGRESSIVE;
				GCC_WARN_UNUSED_FUNCTION = YES;
				GCC_WARN_UNUSED_VARIABLE = YES;
				IPHONEOS_DEPLOYMENT_TARGET = 10.2;
				MTL_ENABLE_DEBUG_INFO = NO;
				SDKROOT = iphoneos;
				TARGETED_DEVICE_FAMILY = "1,2";
				VALIDATE_PRODUCT = YES;
			};
			name = Release;
		};
		4C9B35671E8132B7005A02B6 /* Debug */ = {
			isa = XCBuildConfiguration;
			buildSettings = {
				ASSETCATALOG_COMPILER_APPICON_NAME = AppIcon;
				DEVELOPMENT_TEAM = C2F8LV747S;
				INFOPLIST_FILE = QRCodeReader/Info.plist;
				IPHONEOS_DEPLOYMENT_TARGET = 8.0;
				LD_RUNPATH_SEARCH_PATHS = "$(inherited) @executable_path/Frameworks";
				PRODUCT_BUNDLE_IDENTIFIER = punchh.QRCodeReader;
				PRODUCT_NAME = "$(TARGET_NAME)";
			};
			name = Debug;
		};
		4C9B35681E8132B7005A02B6 /* Release */ = {
			isa = XCBuildConfiguration;
			buildSettings = {
				ASSETCATALOG_COMPILER_APPICON_NAME = AppIcon;
				DEVELOPMENT_TEAM = C2F8LV747S;
				INFOPLIST_FILE = QRCodeReader/Info.plist;
				IPHONEOS_DEPLOYMENT_TARGET = 8.0;
				LD_RUNPATH_SEARCH_PATHS = "$(inherited) @executable_path/Frameworks";
				PRODUCT_BUNDLE_IDENTIFIER = punchh.QRCodeReader;
				PRODUCT_NAME = "$(TARGET_NAME)";
			};
			name = Release;
		};
		4C9B356A1E8132B7005A02B6 /* Debug */ = {
			isa = XCBuildConfiguration;
			buildSettings = {
				BUNDLE_LOADER = "$(TEST_HOST)";
				INFOPLIST_FILE = QRCodeReaderTests/Info.plist;
				LD_RUNPATH_SEARCH_PATHS = "$(inherited) @executable_path/Frameworks @loader_path/Frameworks";
				PRODUCT_BUNDLE_IDENTIFIER = punchh.QRCodeReaderTests;
				PRODUCT_NAME = "$(TARGET_NAME)";
				TEST_HOST = "$(BUILT_PRODUCTS_DIR)/QRCodeReader.app/QRCodeReader";
			};
			name = Debug;
		};
		4C9B356B1E8132B7005A02B6 /* Release */ = {
			isa = XCBuildConfiguration;
			buildSettings = {
				BUNDLE_LOADER = "$(TEST_HOST)";
				INFOPLIST_FILE = QRCodeReaderTests/Info.plist;
				LD_RUNPATH_SEARCH_PATHS = "$(inherited) @executable_path/Frameworks @loader_path/Frameworks";
				PRODUCT_BUNDLE_IDENTIFIER = punchh.QRCodeReaderTests;
				PRODUCT_NAME = "$(TARGET_NAME)";
				TEST_HOST = "$(BUILT_PRODUCTS_DIR)/QRCodeReader.app/QRCodeReader";
			};
			name = Release;
		};
		4C9B356D1E8132B7005A02B6 /* Debug */ = {
			isa = XCBuildConfiguration;
			buildSettings = {
				INFOPLIST_FILE = QRCodeReaderUITests/Info.plist;
				LD_RUNPATH_SEARCH_PATHS = "$(inherited) @executable_path/Frameworks @loader_path/Frameworks";
				PRODUCT_BUNDLE_IDENTIFIER = punchh.QRCodeReaderUITests;
				PRODUCT_NAME = "$(TARGET_NAME)";
				TEST_TARGET_NAME = QRCodeReader;
			};
			name = Debug;
		};
		4C9B356E1E8132B7005A02B6 /* Release */ = {
			isa = XCBuildConfiguration;
			buildSettings = {
				INFOPLIST_FILE = QRCodeReaderUITests/Info.plist;
				LD_RUNPATH_SEARCH_PATHS = "$(inherited) @executable_path/Frameworks @loader_path/Frameworks";
				PRODUCT_BUNDLE_IDENTIFIER = punchh.QRCodeReaderUITests;
				PRODUCT_NAME = "$(TARGET_NAME)";
				TEST_TARGET_NAME = QRCodeReader;
			};
			name = Release;
		};
/* End XCBuildConfiguration section */

/* Begin XCConfigurationList section */
		4C9B35341E8132B7005A02B6 /* Build configuration list for PBXProject "QRCodeReader" */ = {
			isa = XCConfigurationList;
			buildConfigurations = (
				4C9B35641E8132B7005A02B6 /* Debug */,
				4C9B35651E8132B7005A02B6 /* Release */,
			);
			defaultConfigurationIsVisible = 0;
			defaultConfigurationName = Release;
		};
		4C9B35661E8132B7005A02B6 /* Build configuration list for PBXNativeTarget "QRCodeReader" */ = {
			isa = XCConfigurationList;
			buildConfigurations = (
				4C9B35671E8132B7005A02B6 /* Debug */,
				4C9B35681E8132B7005A02B6 /* Release */,
			);
			defaultConfigurationIsVisible = 0;
			defaultConfigurationName = Release;
		};
		4C9B35691E8132B7005A02B6 /* Build configuration list for PBXNativeTarget "QRCodeReaderTests" */ = {
			isa = XCConfigurationList;
			buildConfigurations = (
				4C9B356A1E8132B7005A02B6 /* Debug */,
				4C9B356B1E8132B7005A02B6 /* Release */,
			);
			defaultConfigurationIsVisible = 0;
			defaultConfigurationName = Release;
		};
		4C9B356C1E8132B7005A02B6 /* Build configuration list for PBXNativeTarget "QRCodeReaderUITests" */ = {
			isa = XCConfigurationList;
			buildConfigurations = (
				4C9B356D1E8132B7005A02B6 /* Debug */,
				4C9B356E1E8132B7005A02B6 /* Release */,
			);
			defaultConfigurationIsVisible = 0;
			defaultConfigurationName = Release;
		};
/* End XCConfigurationList section */
	};
	rootObject = 4C9B35311E8132B7005A02B6 /* Project object */;
}
